
Microsoft Visual Studio Solution File, Format Version 12.00
# Visual Studio Version 17
VisualStudioVersion = 17.14.36616.10 d17.14
MinimumVisualStudioVersion = 10.0.40219.1
Project("{FAE04EC0-301F-11D3-BF4B-00C04F79EFBC}") = "ITBS_Platform.Api", "ITBS_Platform.Api\ITBS_Platform.Api.csproj", "{0FBEBC41-68A2-4201-9313-D3EE6C6BF5CB}"
EndProject
Global
	GlobalSection(SolutionConfigurationPlatforms) = preSolution
		Debug|Any CPU = Debug|Any CPU
		Release|Any CPU = Release|Any CPU
	EndGlobalSection
	GlobalSection(ProjectConfigurationPlatforms) = postSolution
		{0FBEBC41-68A2-4201-9313-D3EE6C6BF5CB}.Debug|Any CPU.ActiveCfg = Debug|Any CPU
		{0FBEBC41-68A2-4201-9313-D3EE6C6BF5CB}.Debug|Any CPU.Build.0 = Debug|Any CPU
		{0FBEBC41-68A2-4201-9313-D3EE6C6BF5CB}.Release|Any CPU.ActiveCfg = Release|Any CPU
		{0FBEBC41-68A2-4201-9313-D3EE6C6BF5CB}.Release|Any CPU.Build.0 = Release|Any CPU
	EndGlobalSection
	GlobalSection(SolutionProperties) = preSolution
		HideSolutionNode = FALSE
	EndGlobalSection
	GlobalSection(ExtensibilityGlobals) = postSolution
		SolutionGuid = {19105FA9-EF5E-43A8-8FC2-CAE4DD193F8F}
	EndGlobalSection
EndGlobal
